// !$*UTF8*$!
{
	archiveVersion = 1;
	classes = {
	};
	objectVersion = 77;
	objects = {

/* Begin PBXBuildFile section */
		2766D0019B9962D6FDAF3045 /* Pods_TbankIOSTests.framework in Frameworks */ = {isa = PBXBuildFile; fileRef = 2DF5A5D9D5F31DC9B7F756F6 /* Pods_TbankIOSTests.framework */; };
		92C160BA18DB1863D4DCE5EB /* Pods_TbankIOS_TbankIOSUITests.framework in Frameworks */ = {isa = PBXBuildFile; fileRef = E122D49DBF4B5E09AFF6763C /* Pods_TbankIOS_TbankIOSUITests.framework */; };
		B716367DAE437440695EFC07 /* Pods_TbankIOS.framework in Frameworks */ = {isa = PBXBuildFile; fileRef = 56C95293B907C8C144A4CCD3 /* Pods_TbankIOS.framework */; };
/* End PBXBuildFile section */

/* Begin PBXContainerItemProxy section */
		D88390822D76E91700BB5532 /* PBXContainerItemProxy */ = {
			isa = PBXContainerItemProxy;
			containerPortal = D88390602D76E91500BB5532 /* Project object */;
			proxyType = 1;
			remoteGlobalIDString = D88390672D76E91500BB5532;
			remoteInfo = TbankIOS;
		};
		D883908C2D76E91700BB5532 /* PBXContainerItemProxy */ = {
			isa = PBXContainerItemProxy;
			containerPortal = D88390602D76E91500BB5532 /* Project object */;
			proxyType = 1;
			remoteGlobalIDString = D88390672D76E91500BB5532;
			remoteInfo = TbankIOS;
		};
/* End PBXContainerItemProxy section */

/* Begin PBXFileReference section */
		12034DA38A0EDABF98A2B37F /* Pods-TbankIOS.release.xcconfig */ = {isa = PBXFileReference; includeInIndex = 1; lastKnownFileType = text.xcconfig; name = "Pods-TbankIOS.release.xcconfig"; path = "Target Support Files/Pods-TbankIOS/Pods-TbankIOS.release.xcconfig"; sourceTree = "<group>"; };
		1684A3F3FBD5650AFABB0A65 /* Pods-TbankIOS-TbankIOSUITests.release.xcconfig */ = {isa = PBXFileReference; includeInIndex = 1; lastKnownFileType = text.xcconfig; name = "Pods-TbankIOS-TbankIOSUITests.release.xcconfig"; path = "Target Support Files/Pods-TbankIOS-TbankIOSUITests/Pods-TbankIOS-TbankIOSUITests.release.xcconfig"; sourceTree = "<group>"; };
		2DF5A5D9D5F31DC9B7F756F6 /* Pods_TbankIOSTests.framework */ = {isa = PBXFileReference; explicitFileType = wrapper.framework; includeInIndex = 0; path = Pods_TbankIOSTests.framework; sourceTree = BUILT_PRODUCTS_DIR; };
		56C95293B907C8C144A4CCD3 /* Pods_TbankIOS.framework */ = {isa = PBXFileReference; explicitFileType = wrapper.framework; includeInIndex = 0; path = Pods_TbankIOS.framework; sourceTree = BUILT_PRODUCTS_DIR; };
		64E37B20BAB480F3DF24165F /* Pods-TbankIOS.debug.xcconfig */ = {isa = PBXFileReference; includeInIndex = 1; lastKnownFileType = text.xcconfig; name = "Pods-TbankIOS.debug.xcconfig"; path = "Target Support Files/Pods-TbankIOS/Pods-TbankIOS.debug.xcconfig"; sourceTree = "<group>"; };
		6773A31D86AE6C7004238C3C /* Pods-TbankIOSTests.release.xcconfig */ = {isa = PBXFileReference; includeInIndex = 1; lastKnownFileType = text.xcconfig; name = "Pods-TbankIOSTests.release.xcconfig"; path = "Target Support Files/Pods-TbankIOSTests/Pods-TbankIOSTests.release.xcconfig"; sourceTree = "<group>"; };
		6BE07C0791C6654286FCE0D3 /* Pods-TbankIOSTests.debug.xcconfig */ = {isa = PBXFileReference; includeInIndex = 1; lastKnownFileType = text.xcconfig; name = "Pods-TbankIOSTests.debug.xcconfig"; path = "Target Support Files/Pods-TbankIOSTests/Pods-TbankIOSTests.debug.xcconfig"; sourceTree = "<group>"; };
		D76C20D6467686AFE1B0E99C /* Pods-TbankIOS-TbankIOSUITests.debug.xcconfig */ = {isa = PBXFileReference; includeInIndex = 1; lastKnownFileType = text.xcconfig; name = "Pods-TbankIOS-TbankIOSUITests.debug.xcconfig"; path = "Target Support Files/Pods-TbankIOS-TbankIOSUITests/Pods-TbankIOS-TbankIOSUITests.debug.xcconfig"; sourceTree = "<group>"; };
		D88390682D76E91500BB5532 /* TbankIOS.app */ = {isa = PBXFileReference; explicitFileType = wrapper.application; includeInIndex = 0; path = TbankIOS.app; sourceTree = BUILT_PRODUCTS_DIR; };
		D88390812D76E91700BB5532 /* TbankIOSTests.xctest */ = {isa = PBXFileReference; explicitFileType = wrapper.cfbundle; includeInIndex = 0; path = TbankIOSTests.xctest; sourceTree = BUILT_PRODUCTS_DIR; };
		D883908B2D76E91700BB5532 /* TbankIOSUITests.xctest */ = {isa = PBXFileReference; explicitFileType = wrapper.cfbundle; includeInIndex = 0; path = TbankIOSUITests.xctest; sourceTree = BUILT_PRODUCTS_DIR; };
		E122D49DBF4B5E09AFF6763C /* Pods_TbankIOS_TbankIOSUITests.framework */ = {isa = PBXFileReference; explicitFileType = wrapper.framework; includeInIndex = 0; path = Pods_TbankIOS_TbankIOSUITests.framework; sourceTree = BUILT_PRODUCTS_DIR; };
/* End PBXFileReference section */

/* Begin PBXFileSystemSynchronizedBuildFileExceptionSet section */
		D88390932D76E91700BB5532 /* Exceptions for "TbankIOS" folder in "TbankIOS" target */ = {
			isa = PBXFileSystemSynchronizedBuildFileExceptionSet;
			membershipExceptions = (
				Info.plist,
			);
			target = D88390672D76E91500BB5532 /* TbankIOS */;
		};
/* End PBXFileSystemSynchronizedBuildFileExceptionSet section */

/* Begin PBXFileSystemSynchronizedRootGroup section */
		D883906A2D76E91500BB5532 /* TbankIOS */ = {
			isa = PBXFileSystemSynchronizedRootGroup;
			exceptions = (
				D88390932D76E91700BB5532 /* Exceptions for "TbankIOS" folder in "TbankIOS" target */,
			);
			path = TbankIOS;
			sourceTree = "<group>";
		};
		D88390842D76E91700BB5532 /* TbankIOSTests */ = {
			isa = PBXFileSystemSynchronizedRootGroup;
			path = TbankIOSTests;
			sourceTree = "<group>";
		};
		D883908E2D76E91700BB5532 /* TbankIOSUITests */ = {
			isa = PBXFileSystemSynchronizedRootGroup;
			path = TbankIOSUITests;
			sourceTree = "<group>";
		};
/* End PBXFileSystemSynchronizedRootGroup section */

/* Begin PBXFrameworksBuildPhase section */
		D88390652D76E91500BB5532 /* Frameworks */ = {
			isa = PBXFrameworksBuildPhase;
			buildActionMask = 2147483647;
			files = (
				B716367DAE437440695EFC07 /* Pods_TbankIOS.framework in Frameworks */,
			);
			runOnlyForDeploymentPostprocessing = 0;
		};
		D883907E2D76E91700BB5532 /* Frameworks */ = {
			isa = PBXFrameworksBuildPhase;
			buildActionMask = 2147483647;
			files = (
				2766D0019B9962D6FDAF3045 /* Pods_TbankIOSTests.framework in Frameworks */,
			);
			runOnlyForDeploymentPostprocessing = 0;
		};
		D88390882D76E91700BB5532 /* Frameworks */ = {
			isa = PBXFrameworksBuildPhase;
			buildActionMask = 2147483647;
			files = (
				92C160BA18DB1863D4DCE5EB /* Pods_TbankIOS_TbankIOSUITests.framework in Frameworks */,
			);
			runOnlyForDeploymentPostprocessing = 0;
		};
/* End PBXFrameworksBuildPhase section */

/* Begin PBXGroup section */
		7DCABC1680266834B90B0657 /* Frameworks */ = {
			isa = PBXGroup;
			children = (
				56C95293B907C8C144A4CCD3 /* Pods_TbankIOS.framework */,
				E122D49DBF4B5E09AFF6763C /* Pods_TbankIOS_TbankIOSUITests.framework */,
				2DF5A5D9D5F31DC9B7F756F6 /* Pods_TbankIOSTests.framework */,
			);
			name = Frameworks;
			sourceTree = "<group>";
		};
		CDBAC47301639DE5BDABACF6 /* Pods */ = {
			isa = PBXGroup;
			children = (
				64E37B20BAB480F3DF24165F /* Pods-TbankIOS.debug.xcconfig */,
				12034DA38A0EDABF98A2B37F /* Pods-TbankIOS.release.xcconfig */,
				D76C20D6467686AFE1B0E99C /* Pods-TbankIOS-TbankIOSUITests.debug.xcconfig */,
				1684A3F3FBD5650AFABB0A65 /* Pods-TbankIOS-TbankIOSUITests.release.xcconfig */,
				6BE07C0791C6654286FCE0D3 /* Pods-TbankIOSTests.debug.xcconfig */,
				6773A31D86AE6C7004238C3C /* Pods-TbankIOSTests.release.xcconfig */,
			);
			path = Pods;
			sourceTree = "<group>";
		};
		D883905F2D76E91500BB5532 = {
			isa = PBXGroup;
			children = (
				D883906A2D76E91500BB5532 /* TbankIOS */,
				D88390842D76E91700BB5532 /* TbankIOSTests */,
				D883908E2D76E91700BB5532 /* TbankIOSUITests */,
				D88390692D76E91500BB5532 /* Products */,
				CDBAC47301639DE5BDABACF6 /* Pods */,
				7DCABC1680266834B90B0657 /* Frameworks */,
			);
			sourceTree = "<group>";
		};
		D88390692D76E91500BB5532 /* Products */ = {
			isa = PBXGroup;
			children = (
				D88390682D76E91500BB5532 /* TbankIOS.app */,
				D88390812D76E91700BB5532 /* TbankIOSTests.xctest */,
				D883908B2D76E91700BB5532 /* TbankIOSUITests.xctest */,
			);
			name = Products;
			sourceTree = "<group>";
		};
/* End PBXGroup section */

/* Begin PBXNativeTarget section */
		D88390672D76E91500BB5532 /* TbankIOS */ = {
			isa = PBXNativeTarget;
			buildConfigurationList = D88390942D76E91700BB5532 /* Build configuration list for PBXNativeTarget "TbankIOS" */;
			buildPhases = (
				99E2207F22977368EDBD12A2 /* [CP] Check Pods Manifest.lock */,
				D88390642D76E91500BB5532 /* Sources */,
				D88390652D76E91500BB5532 /* Frameworks */,
				D88390662D76E91500BB5532 /* Resources */,
				8A6B0D4C70EE34CB168E432F /* [CP] Embed Pods Frameworks */,
			);
			buildRules = (
			);
			dependencies = (
			);
			fileSystemSynchronizedGroups = (
				D883906A2D76E91500BB5532 /* TbankIOS */,
			);
			name = TbankIOS;
			productName = TbankIOS;
			productReference = D88390682D76E91500BB5532 /* TbankIOS.app */;
			productType = "com.apple.product-type.application";
		};
		D88390802D76E91700BB5532 /* TbankIOSTests */ = {
			isa = PBXNativeTarget;
			buildConfigurationList = D88390992D76E91700BB5532 /* Build configuration list for PBXNativeTarget "TbankIOSTests" */;
			buildPhases = (
				405434EEFBFE08BFB66319C4 /* [CP] Check Pods Manifest.lock */,
				D883907D2D76E91700BB5532 /* Sources */,
				D883907E2D76E91700BB5532 /* Frameworks */,
				D883907F2D76E91700BB5532 /* Resources */,
			);
			buildRules = (
			);
			dependencies = (
				D88390832D76E91700BB5532 /* PBXTargetDependency */,
			);
			fileSystemSynchronizedGroups = (
				D88390842D76E91700BB5532 /* TbankIOSTests */,
			);
			name = TbankIOSTests;
			productName = TbankIOSTests;
			productReference = D88390812D76E91700BB5532 /* TbankIOSTests.xctest */;
			productType = "com.apple.product-type.bundle.unit-test";
		};
		D883908A2D76E91700BB5532 /* TbankIOSUITests */ = {
			isa = PBXNativeTarget;
			buildConfigurationList = D883909C2D76E91700BB5532 /* Build configuration list for PBXNativeTarget "TbankIOSUITests" */;
			buildPhases = (
				21AC5E27B6F3E2E8F86C8279 /* [CP] Check Pods Manifest.lock */,
				D88390872D76E91700BB5532 /* Sources */,
				D88390882D76E91700BB5532 /* Frameworks */,
				D88390892D76E91700BB5532 /* Resources */,
				276F755DCD07D8BBD49D14DB /* [CP] Embed Pods Frameworks */,
			);
			buildRules = (
			);
			dependencies = (
				D883908D2D76E91700BB5532 /* PBXTargetDependency */,
			);
			fileSystemSynchronizedGroups = (
				D883908E2D76E91700BB5532 /* TbankIOSUITests */,
			);
			name = TbankIOSUITests;
			productName = TbankIOSUITests;
			productReference = D883908B2D76E91700BB5532 /* TbankIOSUITests.xctest */;
			productType = "com.apple.product-type.bundle.ui-testing";
		};
/* End PBXNativeTarget section */

/* Begin PBXProject section */
		D88390602D76E91500BB5532 /* Project object */ = {
			isa = PBXProject;
			attributes = {
				BuildIndependentTargetsInParallel = 1;
				LastSwiftUpdateCheck = 1610;
				LastUpgradeCheck = 1610;
				TargetAttributes = {
					D88390672D76E91500BB5532 = {
						CreatedOnToolsVersion = 16.1;
					};
					D88390802D76E91700BB5532 = {
						CreatedOnToolsVersion = 16.1;
						TestTargetID = D88390672D76E91500BB5532;
					};
					D883908A2D76E91700BB5532 = {
						CreatedOnToolsVersion = 16.1;
						TestTargetID = D88390672D76E91500BB5532;
					};
				};
			};
			buildConfigurationList = D88390632D76E91500BB5532 /* Build configuration list for PBXProject "TbankIOS" */;
			developmentRegion = en;
			hasScannedForEncodings = 0;
			knownRegions = (
				en,
				Base,
			);
			mainGroup = D883905F2D76E91500BB5532;
			minimizedProjectReferenceProxies = 1;
			preferredProjectObjectVersion = 77;
			productRefGroup = D88390692D76E91500BB5532 /* Products */;
			projectDirPath = "";
			projectRoot = "";
			targets = (
				D88390672D76E91500BB5532 /* TbankIOS */,
				D88390802D76E91700BB5532 /* TbankIOSTests */,
				D883908A2D76E91700BB5532 /* TbankIOSUITests */,
			);
		};
/* End PBXProject section */

/* Begin PBXResourcesBuildPhase section */
		D88390662D76E91500BB5532 /* Resources */ = {
			isa = PBXResourcesBuildPhase;
			buildActionMask = 2147483647;
			files = (
			);
			runOnlyForDeploymentPostprocessing = 0;
		};
		D883907F2D76E91700BB5532 /* Resources */ = {
			isa = PBXResourcesBuildPhase;
			buildActionMask = 2147483647;
			files = (
			);
			runOnlyForDeploymentPostprocessing = 0;
		};
		D88390892D76E91700BB5532 /* Resources */ = {
			isa = PBXResourcesBuildPhase;
			buildActionMask = 2147483647;
			files = (
			);
			runOnlyForDeploymentPostprocessing = 0;
		};
/* End PBXResourcesBuildPhase section */

/* Begin PBXShellScriptBuildPhase section */
		21AC5E27B6F3E2E8F86C8279 /* [CP] Check Pods Manifest.lock */ = {
			isa = PBXShellScriptBuildPhase;
			buildActionMask = 2147483647;
			files = (
			);
			inputFileListPaths = (
			);
			inputPaths = (
				"${PODS_PODFILE_DIR_PATH}/Podfile.lock",
				"${PODS_ROOT}/Manifest.lock",
			);
			name = "[CP] Check Pods Manifest.lock";
			outputFileListPaths = (
			);
			outputPaths = (
				"$(DERIVED_FILE_DIR)/Pods-TbankIOS-TbankIOSUITests-checkManifestLockResult.txt",
			);
			runOnlyForDeploymentPostprocessing = 0;
			shellPath = /bin/sh;
			shellScript = "diff \"${PODS_PODFILE_DIR_PATH}/Podfile.lock\" \"${PODS_ROOT}/Manifest.lock\" > /dev/null\nif [ $? != 0 ] ; then\n    # print error to STDERR\n    echo \"error: The sandbox is not in sync with the Podfile.lock. Run 'pod install' or update your CocoaPods installation.\" >&2\n    exit 1\nfi\n# This output is used by Xcode 'outputs' to avoid re-running this script phase.\necho \"SUCCESS\" > \"${SCRIPT_OUTPUT_FILE_0}\"\n";
			showEnvVarsInLog = 0;
		};
		276F755DCD07D8BBD49D14DB /* [CP] Embed Pods Frameworks */ = {
			isa = PBXShellScriptBuildPhase;
			buildActionMask = 2147483647;
			files = (
			);
			inputFileListPaths = (
				"${PODS_ROOT}/Target Support Files/Pods-TbankIOS-TbankIOSUITests/Pods-TbankIOS-TbankIOSUITests-frameworks-${CONFIGURATION}-input-files.xcfilelist",
			);
			inputPaths = (
			);
			name = "[CP] Embed Pods Frameworks";
			outputFileListPaths = (
				"${PODS_ROOT}/Target Support Files/Pods-TbankIOS-TbankIOSUITests/Pods-TbankIOS-TbankIOSUITests-frameworks-${CONFIGURATION}-output-files.xcfilelist",
			);
			outputPaths = (
			);
			runOnlyForDeploymentPostprocessing = 0;
			shellPath = /bin/sh;
			shellScript = "\"${PODS_ROOT}/Target Support Files/Pods-TbankIOS-TbankIOSUITests/Pods-TbankIOS-TbankIOSUITests-frameworks.sh\"\n";
			showEnvVarsInLog = 0;
		};
		405434EEFBFE08BFB66319C4 /* [CP] Check Pods Manifest.lock */ = {
			isa = PBXShellScriptBuildPhase;
			buildActionMask = 2147483647;
			files = (
			);
			inputFileListPaths = (
			);
			inputPaths = (
				"${PODS_PODFILE_DIR_PATH}/Podfile.lock",
				"${PODS_ROOT}/Manifest.lock",
			);
			name = "[CP] Check Pods Manifest.lock";
			outputFileListPaths = (
			);
			outputPaths = (
				"$(DERIVED_FILE_DIR)/Pods-TbankIOSTests-checkManifestLockResult.txt",
			);
			runOnlyForDeploymentPostprocessing = 0;
			shellPath = /bin/sh;
			shellScript = "diff \"${PODS_PODFILE_DIR_PATH}/Podfile.lock\" \"${PODS_ROOT}/Manifest.lock\" > /dev/null\nif [ $? != 0 ] ; then\n    # print error to STDERR\n    echo \"error: The sandbox is not in sync with the Podfile.lock. Run 'pod install' or update your CocoaPods installation.\" >&2\n    exit 1\nfi\n# This output is used by Xcode 'outputs' to avoid re-running this script phase.\necho \"SUCCESS\" > \"${SCRIPT_OUTPUT_FILE_0}\"\n";
			showEnvVarsInLog = 0;
		};
		8A6B0D4C70EE34CB168E432F /* [CP] Embed Pods Frameworks */ = {
			isa = PBXShellScriptBuildPhase;
			buildActionMask = 2147483647;
			files = (
			);
			inputFileListPaths = (
				"${PODS_ROOT}/Target Support Files/Pods-TbankIOS/Pods-TbankIOS-frameworks-${CONFIGURATION}-input-files.xcfilelist",
			);
			inputPaths = (
			);
			name = "[CP] Embed Pods Frameworks";
			outputFileListPaths = (
				"${PODS_ROOT}/Target Support Files/Pods-TbankIOS/Pods-TbankIOS-frameworks-${CONFIGURATION}-output-files.xcfilelist",
			);
			outputPaths = (
			);
			runOnlyForDeploymentPostprocessing = 0;
			shellPath = /bin/sh;
			shellScript = "\"${PODS_ROOT}/Target Support Files/Pods-TbankIOS/Pods-TbankIOS-frameworks.sh\"\n";
			showEnvVarsInLog = 0;
		};
		99E2207F22977368EDBD12A2 /* [CP] Check Pods Manifest.lock */ = {
			isa = PBXShellScriptBuildPhase;
			buildActionMask = 2147483647;
			files = (
			);
			inputFileListPaths = (
			);
			inputPaths = (
				"${PODS_PODFILE_DIR_PATH}/Podfile.lock",
				"${PODS_ROOT}/Manifest.lock",
			);
			name = "[CP] Check Pods Manifest.lock";
			outputFileListPaths = (
			);
			outputPaths = (
				"$(DERIVED_FILE_DIR)/Pods-TbankIOS-checkManifestLockResult.txt",
			);
			runOnlyForDeploymentPostprocessing = 0;
			shellPath = /bin/sh;
			shellScript = "diff \"${PODS_PODFILE_DIR_PATH}/Podfile.lock\" \"${PODS_ROOT}/Manifest.lock\" > /dev/null\nif [ $? != 0 ] ; then\n    # print error to STDERR\n    echo \"error: The sandbox is not in sync with the Podfile.lock. Run 'pod install' or update your CocoaPods installation.\" >&2\n    exit 1\nfi\n# This output is used by Xcode 'outputs' to avoid re-running this script phase.\necho \"SUCCESS\" > \"${SCRIPT_OUTPUT_FILE_0}\"\n";
			showEnvVarsInLog = 0;
		};
/* End PBXShellScriptBuildPhase section */

/* Begin PBXSourcesBuildPhase section */
		D88390642D76E91500BB5532 /* Sources */ = {
			isa = PBXSourcesBuildPhase;
			buildActionMask = 2147483647;
			files = (
			);
			runOnlyForDeploymentPostprocessing = 0;
		};
		D883907D2D76E91700BB5532 /* Sources */ = {
			isa = PBXSourcesBuildPhase;
			buildActionMask = 2147483647;
			files = (
			);
			runOnlyForDeploymentPostprocessing = 0;
		};
		D88390872D76E91700BB5532 /* Sources */ = {
			isa = PBXSourcesBuildPhase;
			buildActionMask = 2147483647;
			files = (
			);
			runOnlyForDeploymentPostprocessing = 0;
		};
/* End PBXSourcesBuildPhase section */

/* Begin PBXTargetDependency section */
		D88390832D76E91700BB5532 /* PBXTargetDependency */ = {
			isa = PBXTargetDependency;
			target = D88390672D76E91500BB5532 /* TbankIOS */;
			targetProxy = D88390822D76E91700BB5532 /* PBXContainerItemProxy */;
		};
		D883908D2D76E91700BB5532 /* PBXTargetDependency */ = {
			isa = PBXTargetDependency;
			target = D88390672D76E91500BB5532 /* TbankIOS */;
			targetProxy = D883908C2D76E91700BB5532 /* PBXContainerItemProxy */;
		};
/* End PBXTargetDependency section */

/* Begin XCBuildConfiguration section */
		D88390952D76E91700BB5532 /* Debug */ = {
			isa = XCBuildConfiguration;
			baseConfigurationReference = 64E37B20BAB480F3DF24165F /* Pods-TbankIOS.debug.xcconfig */;
			buildSettings = {
				ASSETCATALOG_COMPILER_APPICON_NAME = AppIcon;
				ASSETCATALOG_COMPILER_GLOBAL_ACCENT_COLOR_NAME = AccentColor;
				CODE_SIGN_STYLE = Automatic;
				CURRENT_PROJECT_VERSION = 1;
				GENERATE_INFOPLIST_FILE = YES;
				INFOPLIST_FILE = TbankIOS/Info.plist;
				INFOPLIST_KEY_UIApplicationSupportsIndirectInputEvents = YES;
				INFOPLIST_KEY_UILaunchStoryboardName = LaunchScreen;
				INFOPLIST_KEY_UIMainStoryboardFile = Main;
				INFOPLIST_KEY_UISupportedInterfaceOrientations_iPad = "UIInterfaceOrientationPortrait UIInterfaceOrientationPortraitUpsideDown UIInterfaceOrientationLandscapeLeft UIInterfaceOrientationLandscapeRight";
				INFOPLIST_KEY_UISupportedInterfaceOrientations_iPhone = "UIInterfaceOrientationPortrait UIInterfaceOrientationLandscapeLeft UIInterfaceOrientationLandscapeRight";
				LD_RUNPATH_SEARCH_PATHS = (
					"$(inherited)",
					"@executable_path/Frameworks",
				);
				MARKETING_VERSION = 1.0;
				PRODUCT_BUNDLE_IDENTIFIER = com.tolyash.TbankIOS;
				PRODUCT_NAME = "$(TARGET_NAME)";
				SWIFT_EMIT_LOC_STRINGS = YES;
				SWIFT_VERSION = 5.0;
				TARGETED_DEVICE_FAMILY = "1,2";
			};
			name = Debug;
		};
		D88390962D76E91700BB5532 /* Release */ = {
			isa = XCBuildConfiguration;
			baseConfigurationReference = 12034DA38A0EDABF98A2B37F /* Pods-TbankIOS.release.xcconfig */;
			buildSettings = {
				ASSETCATALOG_COMPILER_APPICON_NAME = AppIcon;
				ASSETCATALOG_COMPILER_GLOBAL_ACCENT_COLOR_NAME = AccentColor;
				CODE_SIGN_STYLE = Automatic;
				CURRENT_PROJECT_VERSION = 1;
				GENERATE_INFOPLIST_FILE = YES;
				INFOPLIST_FILE = TbankIOS/Info.plist;
				INFOPLIST_KEY_UIApplicationSupportsIndirectInputEvents = YES;
				INFOPLIST_KEY_UILaunchStoryboardName = LaunchScreen;
				INFOPLIST_KEY_UIMainStoryboardFile = Main;
				INFOPLIST_KEY_UISupportedInterfaceOrientations_iPad = "UIInterfaceOrientationPortrait UIInterfaceOrientationPortraitUpsideDown UIInterfaceOrientationLandscapeLeft UIInterfaceOrientationLandscapeRight";
				INFOPLIST_KEY_UISupportedInterfaceOrientations_iPhone = "UIInterfaceOrientationPortrait UIInterfaceOrientationLandscapeLeft UIInterfaceOrientationLandscapeRight";
				LD_RUNPATH_SEARCH_PATHS = (
					"$(inherited)",
					"@executable_path/Frameworks",
				);
				MARKETING_VERSION = 1.0;
				PRODUCT_BUNDLE_IDENTIFIER = com.tolyash.TbankIOS;
				PRODUCT_NAME = "$(TARGET_NAME)";
				SWIFT_EMIT_LOC_STRINGS = YES;
				SWIFT_VERSION = 5.0;
				TARGETED_DEVICE_FAMILY = "1,2";
			};
			name = Release;
		};
		D88390972D76E91700BB5532 /* Debug */ = {
			isa = XCBuildConfiguration;
			buildSettings = {
				ALWAYS_SEARCH_USER_PATHS = NO;
				ASSETCATALOG_COMPILER_GENERATE_SWIFT_ASSET_SYMBOL_EXTENSIONS = YES;
				CLANG_ANALYZER_NONNULL = YES;
				CLANG_ANALYZER_NUMBER_OBJECT_CONVERSION = YES_AGGRESSIVE;
				CLANG_CXX_LANGUAGE_STANDARD = "gnu++20";
				CLANG_ENABLE_MODULES = YES;
				CLANG_ENABLE_OBJC_ARC = YES;
				CLANG_ENABLE_OBJC_WEAK = YES;
				CLANG_WARN_BLOCK_CAPTURE_AUTORELEASING = YES;
				CLANG_WARN_BOOL_CONVERSION = YES;
				CLANG_WARN_COMMA = YES;
				CLANG_WARN_CONSTANT_CONVERSION = YES;
				CLANG_WARN_DEPRECATED_OBJC_IMPLEMENTATIONS = YES;
				CLANG_WARN_DIRECT_OBJC_ISA_USAGE = YES_ERROR;
				CLANG_WARN_DOCUMENTATION_COMMENTS = YES;
				CLANG_WARN_EMPTY_BODY = YES;
				CLANG_WARN_ENUM_CONVERSION = YES;
				CLANG_WARN_INFINITE_RECURSION = YES;
				CLANG_WARN_INT_CONVERSION = YES;
				CLANG_WARN_NON_LITERAL_NULL_CONVERSION = YES;
				CLANG_WARN_OBJC_IMPLICIT_RETAIN_SELF = YES;
				CLANG_WARN_OBJC_LITERAL_CONVERSION = YES;
				CLANG_WARN_OBJC_ROOT_CLASS = YES_ERROR;
				CLANG_WARN_QUOTED_INCLUDE_IN_FRAMEWORK_HEADER = YES;
				CLANG_WARN_RANGE_LOOP_ANALYSIS = YES;
				CLANG_WARN_STRICT_PROTOTYPES = YES;
				CLANG_WARN_SUSPICIOUS_MOVE = YES;
				CLANG_WARN_UNGUARDED_AVAILABILITY = YES_AGGRESSIVE;
				CLANG_WARN_UNREACHABLE_CODE = YES;
				CLANG_WARN__DUPLICATE_METHOD_MATCH = YES;
				COPY_PHASE_STRIP = NO;
				DEBUG_INFORMATION_FORMAT = dwarf;
				ENABLE_STRICT_OBJC_MSGSEND = YES;
				ENABLE_TESTABILITY = YES;
				ENABLE_USER_SCRIPT_SANDBOXING = NO;
				GCC_C_LANGUAGE_STANDARD = gnu17;
				GCC_DYNAMIC_NO_PIC = NO;
				GCC_NO_COMMON_BLOCKS = YES;
				GCC_OPTIMIZATION_LEVEL = 0;
				GCC_PREPROCESSOR_DEFINITIONS = (
					"DEBUG=1",
					"$(inherited)",
				);
				GCC_WARN_64_TO_32_BIT_CONVERSION = YES;
				GCC_WARN_ABOUT_RETURN_TYPE = YES_ERROR;
				GCC_WARN_UNDECLARED_SELECTOR = YES;
				GCC_WARN_UNINITIALIZED_AUTOS = YES_AGGRESSIVE;
				GCC_WARN_UNUSED_FUNCTION = YES;
				GCC_WARN_UNUSED_VARIABLE = YES;
				IPHONEOS_DEPLOYMENT_TARGET = 18.1;
				LOCALIZATION_PREFERS_STRING_CATALOGS = YES;
				MTL_ENABLE_DEBUG_INFO = INCLUDE_SOURCE;
				MTL_FAST_MATH = YES;
				ONLY_ACTIVE_ARCH = YES;
				SDKROOT = iphoneos;
				SWIFT_ACTIVE_COMPILATION_CONDITIONS = "DEBUG $(inherited)";
				SWIFT_OPTIMIZATION_LEVEL = "-Onone";
			};
			name = Debug;
		};
		D88390982D76E91700BB5532 /* Release */ = {
			isa = XCBuildConfiguration;
			buildSettings = {
				ALWAYS_SEARCH_USER_PATHS = NO;
				ASSETCATALOG_COMPILER_GENERATE_SWIFT_ASSET_SYMBOL_EXTENSIONS = YES;
				CLANG_ANALYZER_NONNULL = YES;
				CLANG_ANALYZER_NUMBER_OBJECT_CONVERSION = YES_AGGRESSIVE;
				CLANG_CXX_LANGUAGE_STANDARD = "gnu++20";
				CLANG_ENABLE_MODULES = YES;
				CLANG_ENABLE_OBJC_ARC = YES;
				CLANG_ENABLE_OBJC_WEAK = YES;
				CLANG_WARN_BLOCK_CAPTURE_AUTORELEASING = YES;
				CLANG_WARN_BOOL_CONVERSION = YES;
				CLANG_WARN_COMMA = YES;
				CLANG_WARN_CONSTANT_CONVERSION = YES;
				CLANG_WARN_DEPRECATED_OBJC_IMPLEMENTATIONS = YES;
				CLANG_WARN_DIRECT_OBJC_ISA_USAGE = YES_ERROR;
				CLANG_WARN_DOCUMENTATION_COMMENTS = YES;
				CLANG_WARN_EMPTY_BODY = YES;
				CLANG_WARN_ENUM_CONVERSION = YES;
				CLANG_WARN_INFINITE_RECURSION = YES;
				CLANG_WARN_INT_CONVERSION = YES;
				CLANG_WARN_NON_LITERAL_NULL_CONVERSION = YES;
				CLANG_WARN_OBJC_IMPLICIT_RETAIN_SELF = YES;
				CLANG_WARN_OBJC_LITERAL_CONVERSION = YES;
				CLANG_WARN_OBJC_ROOT_CLASS = YES_ERROR;
				CLANG_WARN_QUOTED_INCLUDE_IN_FRAMEWORK_HEADER = YES;
				CLANG_WARN_RANGE_LOOP_ANALYSIS = YES;
				CLANG_WARN_STRICT_PROTOTYPES = YES;
				CLANG_WARN_SUSPICIOUS_MOVE = YES;
				CLANG_WARN_UNGUARDED_AVAILABILITY = YES_AGGRESSIVE;
				CLANG_WARN_UNREACHABLE_CODE = YES;
				CLANG_WARN__DUPLICATE_METHOD_MATCH = YES;
				COPY_PHASE_STRIP = NO;
				DEBUG_INFORMATION_FORMAT = "dwarf-with-dsym";
				ENABLE_NS_ASSERTIONS = NO;
				ENABLE_STRICT_OBJC_MSGSEND = YES;
				ENABLE_USER_SCRIPT_SANDBOXING = NO;
				GCC_C_LANGUAGE_STANDARD = gnu17;
				GCC_NO_COMMON_BLOCKS = YES;
				GCC_WARN_64_TO_32_BIT_CONVERSION = YES;
				GCC_WARN_ABOUT_RETURN_TYPE = YES_ERROR;
				GCC_WARN_UNDECLARED_SELECTOR = YES;
				GCC_WARN_UNINITIALIZED_AUTOS = YES_AGGRESSIVE;
				GCC_WARN_UNUSED_FUNCTION = YES;
				GCC_WARN_UNUSED_VARIABLE = YES;
				IPHONEOS_DEPLOYMENT_TARGET = 18.1;
				LOCALIZATION_PREFERS_STRING_CATALOGS = YES;
				MTL_ENABLE_DEBUG_INFO = NO;
				MTL_FAST_MATH = YES;
				SDKROOT = iphoneos;
				SWIFT_COMPILATION_MODE = wholemodule;
				VALIDATE_PRODUCT = YES;
			};
			name = Release;
		};
		D883909A2D76E91700BB5532 /* Debug */ = {
			isa = XCBuildConfiguration;
			baseConfigurationReference = 6BE07C0791C6654286FCE0D3 /* Pods-TbankIOSTests.debug.xcconfig */;
			buildSettings = {
				BUNDLE_LOADER = "$(TEST_HOST)";
				CODE_SIGN_STYLE = Automatic;
				CURRENT_PROJECT_VERSION = 1;
				GENERATE_INFOPLIST_FILE = YES;
				IPHONEOS_DEPLOYMENT_TARGET = 18.1;
				MARKETING_VERSION = 1.0;
				PRODUCT_BUNDLE_IDENTIFIER = com.tolyash.TbankIOSTests;
				PRODUCT_NAME = "$(TARGET_NAME)";
				SWIFT_EMIT_LOC_STRINGS = NO;
				SWIFT_VERSION = 5.0;
				TARGETED_DEVICE_FAMILY = "1,2";
				TEST_HOST = "$(BUILT_PRODUCTS_DIR)/TbankIOS.app/$(BUNDLE_EXECUTABLE_FOLDER_PATH)/TbankIOS";
			};
			name = Debug;
		};
		D883909B2D76E91700BB5532 /* Release */ = {
			isa = XCBuildConfiguration;
			baseConfigurationReference = 6773A31D86AE6C7004238C3C /* Pods-TbankIOSTests.release.xcconfig */;
			buildSettings = {
				BUNDLE_LOADER = "$(TEST_HOST)";
				CODE_SIGN_STYLE = Automatic;
				CURRENT_PROJECT_VERSION = 1;
				GENERATE_INFOPLIST_FILE = YES;
				IPHONEOS_DEPLOYMENT_TARGET = 18.1;
				MARKETING_VERSION = 1.0;
				PRODUCT_BUNDLE_IDENTIFIER = com.tolyash.TbankIOSTests;
				PRODUCT_NAME = "$(TARGET_NAME)";
				SWIFT_EMIT_LOC_STRINGS = NO;
				SWIFT_VERSION = 5.0;
				TARGETED_DEVICE_FAMILY = "1,2";
				TEST_HOST = "$(BUILT_PRODUCTS_DIR)/TbankIOS.app/$(BUNDLE_EXECUTABLE_FOLDER_PATH)/TbankIOS";
			};
			name = Release;
		};
		D883909D2D76E91700BB5532 /* Debug */ = {
			isa = XCBuildConfiguration;
			baseConfigurationReference = D76C20D6467686AFE1B0E99C /* Pods-TbankIOS-TbankIOSUITests.debug.xcconfig */;
			buildSettings = {
				CODE_SIGN_STYLE = Automatic;
				CURRENT_PROJECT_VERSION = 1;
				GENERATE_INFOPLIST_FILE = YES;
				MARKETING_VERSION = 1.0;
				PRODUCT_BUNDLE_IDENTIFIER = com.tolyash.TbankIOSUITests;
				PRODUCT_NAME = "$(TARGET_NAME)";
				SWIFT_EMIT_LOC_STRINGS = NO;
				SWIFT_VERSION = 5.0;
				TARGETED_DEVICE_FAMILY = "1,2";
				TEST_TARGET_NAME = TbankIOS;
			};
			name = Debug;
		};
		D883909E2D76E91700BB5532 /* Release */ = {
			isa = XCBuildConfiguration;
			baseConfigurationReference = 1684A3F3FBD5650AFABB0A65 /* Pods-TbankIOS-TbankIOSUITests.release.xcconfig */;
			buildSettings = {
				CODE_SIGN_STYLE = Automatic;
				CURRENT_PROJECT_VERSION = 1;
				GENERATE_INFOPLIST_FILE = YES;
				MARKETING_VERSION = 1.0;
				PRODUCT_BUNDLE_IDENTIFIER = com.tolyash.TbankIOSUITests;
				PRODUCT_NAME = "$(TARGET_NAME)";
				SWIFT_EMIT_LOC_STRINGS = NO;
				SWIFT_VERSION = 5.0;
				TARGETED_DEVICE_FAMILY = "1,2";
				TEST_TARGET_NAME = TbankIOS;
			};
			name = Release;
		};
/* End XCBuildConfiguration section */

/* Begin XCConfigurationList section */
		D88390632D76E91500BB5532 /* Build configuration list for PBXProject "TbankIOS" */ = {
			isa = XCConfigurationList;
			buildConfigurations = (
				D88390972D76E91700BB5532 /* Debug */,
				D88390982D76E91700BB5532 /* Release */,
			);
			defaultConfigurationIsVisible = 0;
			defaultConfigurationName = Release;
		};
		D88390942D76E91700BB5532 /* Build configuration list for PBXNativeTarget "TbankIOS" */ = {
			isa = XCConfigurationList;
			buildConfigurations = (
				D88390952D76E91700BB5532 /* Debug */,
				D88390962D76E91700BB5532 /* Release */,
			);
			defaultConfigurationIsVisible = 0;
			defaultConfigurationName = Release;
		};
		D88390992D76E91700BB5532 /* Build configuration list for PBXNativeTarget "TbankIOSTests" */ = {
			isa = XCConfigurationList;
			buildConfigurations = (
				D883909A2D76E91700BB5532 /* Debug */,
				D883909B2D76E91700BB5532 /* Release */,
			);
			defaultConfigurationIsVisible = 0;
			defaultConfigurationName = Release;
		};
		D883909C2D76E91700BB5532 /* Build configuration list for PBXNativeTarget "TbankIOSUITests" */ = {
			isa = XCConfigurationList;
			buildConfigurations = (
				D883909D2D76E91700BB5532 /* Debug */,
				D883909E2D76E91700BB5532 /* Release */,
			);
			defaultConfigurationIsVisible = 0;
			defaultConfigurationName = Release;
		};
/* End XCConfigurationList section */
	};
	rootObject = D88390602D76E91500BB5532 /* Project object */;
}
